
Microsoft Visual Studio Solution File, Format Version 12.00
# Visual Studio Version 17
VisualStudioVersion = 17.13.35806.99 d17.13
MinimumVisualStudioVersion = 10.0.40219.1
Project("{8BC9CEB8-8B4A-11D0-8D11-00A0C91BC942}") = "magazin", "magazin\magazin.vcxproj", "{A46D66DD-40FC-4B0C-919D-39C64C7A4811}"
EndProject
Global
	GlobalSection(SolutionConfigurationPlatforms) = preSolution
		Debug|x64 = Debug|x64
		Debug|x86 = Debug|x86
		Release|x64 = Release|x64
		Release|x86 = Release|x86
	EndGlobalSection
	GlobalSection(ProjectConfigurationPlatforms) = postSolution
		{A46D66DD-40FC-4B0C-919D-39C64C7A4811}.Debug|x64.ActiveCfg = Debug|x64
		{A46D66DD-40FC-4B0C-919D-39C64C7A4811}.Debug|x64.Build.0 = Debug|x64
		{A46D66DD-40FC-4B0C-919D-39C64C7A4811}.Debug|x86.ActiveCfg = Debug|Win32
		{A46D66DD-40FC-4B0C-919D-39C64C7A4811}.Debug|x86.Build.0 = Debug|Win32
		{A46D66DD-40FC-4B0C-919D-39C64C7A4811}.Release|x64.ActiveCfg = Release|x64
		{A46D66DD-40FC-4B0C-919D-39C64C7A4811}.Release|x64.Build.0 = Release|x64
		{A46D66DD-40FC-4B0C-919D-39C64C7A4811}.Release|x86.ActiveCfg = Release|Win32
		{A46D66DD-40FC-4B0C-919D-39C64C7A4811}.Release|x86.Build.0 = Release|Win32
	EndGlobalSection
	GlobalSection(SolutionProperties) = preSolution
		HideSolutionNode = FALSE
	EndGlobalSection
	GlobalSection(ExtensibilityGlobals) = postSolution
		SolutionGuid = {F7491B95-EABC-4D03-B3CF-1523989B6DCB}
	EndGlobalSection
EndGlobal
